{
  "name": "dashboard",
  "version": "5.0.0",
  "lockfileVersion": 1,
  "requires": true,
  "dependencies": {
    "flip": {
      "version": "github:nnattawat/flip#cbfef47f6248b42ff5b860cc2cad888d4e0c1b9a",
      "from": "github:nnattawat/flip"
    },
    "gridstack": {
      "version": "0.3.0",
      "resolved": "https://registry.npm.taobao.org/gridstack/download/gridstack-0.3.0.tgz",
      "integrity": "sha1-vhx4kfP70q9g+dYPTH1RejDTu3g=",
      "requires": {
        "jquery": "^3.1.0",
        "jquery-ui": "^1.12.0",
        "lodash": "^4.14.2"
      }
    },
    "jquery": {
      "version": "3.4.1",
      "resolved": "https://registry.npm.taobao.org/jquery/download/jquery-3.4.1.tgz?cache=0&other_urls=https%3A%2F%2Fregistry.npm.taobao.org%2Fjquery%2Fdownload%2Fjquery-3.4.1.tgz",
      "integrity": "sha1-cU8fjZ3eS9+lV2S6N+8hRjDYDvI="
    },
    "jquery-ui": {
      "version": "1.12.1",
      "resolved": "https://registry.npm.taobao.org/jquery-ui/download/jquery-ui-1.12.1.tgz",
      "integrity": "sha1-vLQEXI3QU5wTS8FIjN0+dop6nlE="
    },
    "lodash": {
      "version": "4.17.15",
      "resolved": "https://registry.npm.taobao.org/lodash/download/lodash-4.17.15.tgz",
      "integrity": "sha1-tEf2ZwoEVbv+7dETku/zMOoJdUg="
    }
  }
}
